
Microsoft Visual Studio Solution File, Format Version 12.00
# Visual Studio Version 16
VisualStudioVersion = 16.0.31702.278
MinimumVisualStudioVersion = 10.0.40219.1
Project("{9A19103F-16F7-4668-BE54-9A1E7A4F7556}") = "MojaMuzickaLista", "MojaMuzickaLista\MojaMuzickaLista.csproj", "{5AEEC2C9-DA71-433F-8AAA-1930C45B26B2}"
EndProject
Project("{FAE04EC0-301F-11D3-BF4B-00C04F79EFBC}") = "MojaMuzickaLista.Model", "MojaMuzickaLista.Model\MojaMuzickaLista.Model.csproj", "{D7400601-FB13-4707-93A5-BC91495B2A6F}"
EndProject
Global
	GlobalSection(SolutionConfigurationPlatforms) = preSolution
		Debug|Any CPU = Debug|Any CPU
		Release|Any CPU = Release|Any CPU
	EndGlobalSection
	GlobalSection(ProjectConfigurationPlatforms) = postSolution
		{5AEEC2C9-DA71-433F-8AAA-1930C45B26B2}.Debug|Any CPU.ActiveCfg = Debug|Any CPU
		{5AEEC2C9-DA71-433F-8AAA-1930C45B26B2}.Debug|Any CPU.Build.0 = Debug|Any CPU
		{5AEEC2C9-DA71-433F-8AAA-1930C45B26B2}.Release|Any CPU.ActiveCfg = Release|Any CPU
		{5AEEC2C9-DA71-433F-8AAA-1930C45B26B2}.Release|Any CPU.Build.0 = Release|Any CPU
		{D7400601-FB13-4707-93A5-BC91495B2A6F}.Debug|Any CPU.ActiveCfg = Debug|Any CPU
		{D7400601-FB13-4707-93A5-BC91495B2A6F}.Debug|Any CPU.Build.0 = Debug|Any CPU
		{D7400601-FB13-4707-93A5-BC91495B2A6F}.Release|Any CPU.ActiveCfg = Release|Any CPU
		{D7400601-FB13-4707-93A5-BC91495B2A6F}.Release|Any CPU.Build.0 = Release|Any CPU
	EndGlobalSection
	GlobalSection(SolutionProperties) = preSolution
		HideSolutionNode = FALSE
	EndGlobalSection
	GlobalSection(ExtensibilityGlobals) = postSolution
		SolutionGuid = {B188ABAC-676A-4396-B339-3051C8D2D8BD}
	EndGlobalSection
EndGlobal
